
Microsoft Visual Studio Solution File, Format Version 11.00
# Visual Studio 2010
Project("{FAE04EC0-301F-11D3-BF4B-00C04F79EFBC}") = "Assembly-CSharp", "Assembly-CSharp.csproj", "{4d4170cb-4972-9946-2874-b1a2723af67c}"
EndProject
Project("{FAE04EC0-301F-11D3-BF4B-00C04F79EFBC}") = "Assembly-CSharp-Editor", "Assembly-CSharp-Editor.csproj", "{8695fcbc-441b-29ab-b0d5-bd106d0874db}"
EndProject
Global
	GlobalSection(SolutionConfigurationPlatforms) = preSolution
		Debug|Any CPU = Debug|Any CPU
	EndGlobalSection
	GlobalSection(ProjectConfigurationPlatforms) = postSolution
		{4d4170cb-4972-9946-2874-b1a2723af67c}.Debug|Any CPU.ActiveCfg = Debug|Any CPU
		{4d4170cb-4972-9946-2874-b1a2723af67c}.Debug|Any CPU.Build.0 = Debug|Any CPU
		{8695fcbc-441b-29ab-b0d5-bd106d0874db}.Debug|Any CPU.ActiveCfg = Debug|Any CPU
		{8695fcbc-441b-29ab-b0d5-bd106d0874db}.Debug|Any CPU.Build.0 = Debug|Any CPU
	EndGlobalSection
	GlobalSection(SolutionProperties) = preSolution
		HideSolutionNode = FALSE
	EndGlobalSection
EndGlobal
